
Microsoft Visual Studio Solution File, Format Version 12.00
# Visual Studio Version 17
VisualStudioVersion = 17.7.34202.233
MinimumVisualStudioVersion = 10.0.40219.1
Project("{FAE04EC0-301F-11D3-BF4B-00C04F79EFBC}") = "Calendar", "Calendar\Calendar.csproj", "{1B6B0357-0DFA-4CD4-A5CA-7F6D5401A96E}"
EndProject
Global
	GlobalSection(SolutionConfigurationPlatforms) = preSolution
		Debug|Any CPU = Debug|Any CPU
		Release|Any CPU = Release|Any CPU
	EndGlobalSection
	GlobalSection(ProjectConfigurationPlatforms) = postSolution
		{1B6B0357-0DFA-4CD4-A5CA-7F6D5401A96E}.Debug|Any CPU.ActiveCfg = Debug|Any CPU
		{1B6B0357-0DFA-4CD4-A5CA-7F6D5401A96E}.Debug|Any CPU.Build.0 = Debug|Any CPU
		{1B6B0357-0DFA-4CD4-A5CA-7F6D5401A96E}.Release|Any CPU.ActiveCfg = Release|Any CPU
		{1B6B0357-0DFA-4CD4-A5CA-7F6D5401A96E}.Release|Any CPU.Build.0 = Release|Any CPU
	EndGlobalSection
	GlobalSection(SolutionProperties) = preSolution
		HideSolutionNode = FALSE
	EndGlobalSection
	GlobalSection(ExtensibilityGlobals) = postSolution
		SolutionGuid = {3EFDC493-DBD7-4493-8979-203A0AB3E64B}
	EndGlobalSection
EndGlobal
